
Microsoft Visual Studio Solution File, Format Version 12.00
# Visual Studio 15
VisualStudioVersion = 15.0.28010.2048
MinimumVisualStudioVersion = 10.0.40219.1
Project("{8BC9CEB8-8B4A-11D0-8D11-00A0C91BC942}") = "OpenGlexploration", "OpenGlexploration\OpenGlexploration.vcxproj", "{2D1A855E-69FE-4F10-BEA5-CB916C7FCEA7}"
EndProject
Global
	GlobalSection(SolutionConfigurationPlatforms) = preSolution
		Debug|x64 = Debug|x64
		Debug|x86 = Debug|x86
		Release|x64 = Release|x64
		Release|x86 = Release|x86
	EndGlobalSection
	GlobalSection(ProjectConfigurationPlatforms) = postSolution
		{2D1A855E-69FE-4F10-BEA5-CB916C7FCEA7}.Debug|x64.ActiveCfg = Debug|x64
		{2D1A855E-69FE-4F10-BEA5-CB916C7FCEA7}.Debug|x64.Build.0 = Debug|x64
		{2D1A855E-69FE-4F10-BEA5-CB916C7FCEA7}.Debug|x86.ActiveCfg = Debug|Win32
		{2D1A855E-69FE-4F10-BEA5-CB916C7FCEA7}.Debug|x86.Build.0 = Debug|Win32
		{2D1A855E-69FE-4F10-BEA5-CB916C7FCEA7}.Release|x64.ActiveCfg = Release|x64
		{2D1A855E-69FE-4F10-BEA5-CB916C7FCEA7}.Release|x64.Build.0 = Release|x64
		{2D1A855E-69FE-4F10-BEA5-CB916C7FCEA7}.Release|x86.ActiveCfg = Release|Win32
		{2D1A855E-69FE-4F10-BEA5-CB916C7FCEA7}.Release|x86.Build.0 = Release|Win32
	EndGlobalSection
	GlobalSection(SolutionProperties) = preSolution
		HideSolutionNode = FALSE
	EndGlobalSection
	GlobalSection(ExtensibilityGlobals) = postSolution
		SolutionGuid = {935C72A5-9613-48E2-A432-663E37F3BE9A}
	EndGlobalSection
EndGlobal
